
Microsoft Visual Studio Solution File, Format Version 12.00
# Visual Studio Version 17
VisualStudioVersion = 17.12.35527.113
MinimumVisualStudioVersion = 10.0.40219.1
Project("{2150E333-8FDC-42A3-9474-1A3956D46DE8}") = "src", "src", "{B07AB777-3C3F-4520-A4FA-ED8687AC50C6}"
EndProject
Project("{FAE04EC0-301F-11D3-BF4B-00C04F79EFBC}") = "StrategyPattern", "StrategyPattern\StrategyPattern.csproj", "{50887C72-3E6F-41CD-85A2-75FCB1F5E4C0}"
EndProject
Project("{2150E333-8FDC-42A3-9474-1A3956D46DE8}") = "Strategy", "Strategy", "{5250C20E-DE91-418B-AE90-4332860688F1}"
EndProject
Project("{2150E333-8FDC-42A3-9474-1A3956D46DE8}") = "tests", "tests", "{6290A3B2-6F18-4155-933C-3B4657489284}"
EndProject
Project("{FAE04EC0-301F-11D3-BF4B-00C04F79EFBC}") = "StrategyPattern.Tests", "StrategyPattern.Tests\StrategyPattern.Tests.csproj", "{4F9D158C-5B65-4DF5-A287-D363FB66A3D7}"
EndProject
Project("{2150E333-8FDC-42A3-9474-1A3956D46DE8}") = "StrategyPattern.Tests", "StrategyPattern.Tests", "{1AAF744D-FFD4-43DC-BE67-AEE40F85ACB1}"
EndProject
Global
	GlobalSection(SolutionConfigurationPlatforms) = preSolution
		Debug|Any CPU = Debug|Any CPU
		Release|Any CPU = Release|Any CPU
	EndGlobalSection
	GlobalSection(ProjectConfigurationPlatforms) = postSolution
		{50887C72-3E6F-41CD-85A2-75FCB1F5E4C0}.Debug|Any CPU.ActiveCfg = Debug|Any CPU
		{50887C72-3E6F-41CD-85A2-75FCB1F5E4C0}.Debug|Any CPU.Build.0 = Debug|Any CPU
		{50887C72-3E6F-41CD-85A2-75FCB1F5E4C0}.Release|Any CPU.ActiveCfg = Release|Any CPU
		{50887C72-3E6F-41CD-85A2-75FCB1F5E4C0}.Release|Any CPU.Build.0 = Release|Any CPU
		{4F9D158C-5B65-4DF5-A287-D363FB66A3D7}.Debug|Any CPU.ActiveCfg = Debug|Any CPU
		{4F9D158C-5B65-4DF5-A287-D363FB66A3D7}.Debug|Any CPU.Build.0 = Debug|Any CPU
		{4F9D158C-5B65-4DF5-A287-D363FB66A3D7}.Release|Any CPU.ActiveCfg = Release|Any CPU
		{4F9D158C-5B65-4DF5-A287-D363FB66A3D7}.Release|Any CPU.Build.0 = Release|Any CPU
	EndGlobalSection
	GlobalSection(SolutionProperties) = preSolution
		HideSolutionNode = FALSE
	EndGlobalSection
	GlobalSection(NestedProjects) = preSolution
		{50887C72-3E6F-41CD-85A2-75FCB1F5E4C0} = {5250C20E-DE91-418B-AE90-4332860688F1}
		{5250C20E-DE91-418B-AE90-4332860688F1} = {B07AB777-3C3F-4520-A4FA-ED8687AC50C6}
		{4F9D158C-5B65-4DF5-A287-D363FB66A3D7} = {1AAF744D-FFD4-43DC-BE67-AEE40F85ACB1}
		{1AAF744D-FFD4-43DC-BE67-AEE40F85ACB1} = {6290A3B2-6F18-4155-933C-3B4657489284}
	EndGlobalSection
EndGlobal
